version: 1
sources:
  learnhouse:
    path: spaces/learning/learnhouse
    url: https://github.com/Flissel/learnhouse.git
    upstream: https://github.com/learnhouse/learnhouse.git
    commit: 0590047f56f02ad12d49621821383564244ae09f
    license: AGPL-3.0-only
  penecho:
    path: spaces/learning/penecho
    url: https://github.com/Flissel/penecho.git
    upstream: https://github.com/penecho/penecho.git
    commit: d5801103406f3ddad2f261439bce1d9ab48f9def
    license: AGPL-3.0-only
