version: 1
sources:
  learnhouse:
    path: spaces/learning/learnhouse
    url: https://github.com/Flissel/learnhouse.git
    upstream: https://github.com/learnhouse/learnhouse.git
    commit: 77abc25796250c02760460ed587ddb5b77b1c143
    license: AGPL-3.0-only
  penecho:
    path: spaces/learning/penecho
    url: https://github.com/Flissel/penecho.git
    upstream: https://github.com/penecho/penecho.git
    commit: 0327c3977fdfad861a218d96b5522f3da284d68d
    license: AGPL-3.0-only
