version: 1
sources:
  learnhouse:
    path: spaces/learning/learnhouse
    url: https://github.com/Flissel/learnhouse.git
    upstream: https://github.com/learnhouse/learnhouse.git
    commit: 77abc25796250c02760460ed587ddb5b77b1c143
    license: AGPL-3.0-only
  penecho:
    path: spaces/learning/penecho
    url: https://github.com/Flissel/penecho.git
    upstream: https://github.com/penecho/penecho.git
    commit: 612a88eba9b26283d324f0c682eb14337052be3f
    license: AGPL-3.0-only
